
Microsoft Visual Studio Solution File, Format Version 12.00
# Visual Studio Version 16
VisualStudioVersion = 16.0.30711.63
MinimumVisualStudioVersion = 10.0.40219.1
Project("{8BC9CEB8-8B4A-11D0-8D11-00A0C91BC942}") = "szakdolgozat_XOR", "szakdolgozat_XOR\szakdolgozat_XOR.vcxproj", "{1A364895-5A74-45E4-9146-4C27CB3E4F22}"
EndProject
Global
	GlobalSection(SolutionConfigurationPlatforms) = preSolution
		Debug|x64 = Debug|x64
		Debug|x86 = Debug|x86
		Release|x64 = Release|x64
		Release|x86 = Release|x86
	EndGlobalSection
	GlobalSection(ProjectConfigurationPlatforms) = postSolution
		{1A364895-5A74-45E4-9146-4C27CB3E4F22}.Debug|x64.ActiveCfg = Debug|x64
		{1A364895-5A74-45E4-9146-4C27CB3E4F22}.Debug|x64.Build.0 = Debug|x64
		{1A364895-5A74-45E4-9146-4C27CB3E4F22}.Debug|x86.ActiveCfg = Debug|Win32
		{1A364895-5A74-45E4-9146-4C27CB3E4F22}.Debug|x86.Build.0 = Debug|Win32
		{1A364895-5A74-45E4-9146-4C27CB3E4F22}.Release|x64.ActiveCfg = Release|x64
		{1A364895-5A74-45E4-9146-4C27CB3E4F22}.Release|x64.Build.0 = Release|x64
		{1A364895-5A74-45E4-9146-4C27CB3E4F22}.Release|x86.ActiveCfg = Release|Win32
		{1A364895-5A74-45E4-9146-4C27CB3E4F22}.Release|x86.Build.0 = Release|Win32
	EndGlobalSection
	GlobalSection(SolutionProperties) = preSolution
		HideSolutionNode = FALSE
	EndGlobalSection
	GlobalSection(ExtensibilityGlobals) = postSolution
		SolutionGuid = {6558F7A4-7BAD-4843-82A7-FEC3FF831258}
	EndGlobalSection
EndGlobal
